
Microsoft Visual Studio Solution File, Format Version 12.00
# Visual Studio 15
VisualStudioVersion = 15.0.27004.2002
MinimumVisualStudioVersion = 10.0.40219.1
Project("{FAE04EC0-301F-11D3-BF4B-00C04F79EFBC}") = "SevenZip", "SevenZip\SevenZip.csproj", "{129FA850-07EF-431A-B6AD-F60784FEE8E3}"
EndProject
Project("{FAE04EC0-301F-11D3-BF4B-00C04F79EFBC}") = "SevenZip.Compression.RangeCoder", "SevenZip.Compression.RangeCoder\SevenZip.Compression.RangeCoder.csproj", "{409C6AD0-6578-44BA-8868-38591A90D31D}"
EndProject
Project("{FAE04EC0-301F-11D3-BF4B-00C04F79EFBC}") = "SevenZip.Compression.LZ", "SevenZip.Compression.LZ\SevenZip.Compression.LZ.csproj", "{4C7C427E-C502-4621-9C55-51C4337B40E7}"
EndProject
Project("{FAE04EC0-301F-11D3-BF4B-00C04F79EFBC}") = "SevenZip.Compression.LZMA", "SevenZip.Compression.LZMA\SevenZip.Compression.LZMA.csproj", "{B25980A5-E85A-4F8F-B08F-BB2F376A555F}"
EndProject
Project("{FAE04EC0-301F-11D3-BF4B-00C04F79EFBC}") = "SevenZip.Compression", "SevenZip.Compression\SevenZip.Compression.csproj", "{A890578E-5B1F-43DD-8BAE-94B96098913F}"
EndProject
Project("{FAE04EC0-301F-11D3-BF4B-00C04F79EFBC}") = "SevenZip.Compression.Tests", "SevenZip.Compression.Tests\SevenZip.Compression.Tests.csproj", "{86ECD189-7137-4085-87BA-89ED683C51C8}"
EndProject
Global
	GlobalSection(SolutionConfigurationPlatforms) = preSolution
		Debug|Any CPU = Debug|Any CPU
		Release|Any CPU = Release|Any CPU
	EndGlobalSection
	GlobalSection(ProjectConfigurationPlatforms) = postSolution
		{129FA850-07EF-431A-B6AD-F60784FEE8E3}.Debug|Any CPU.ActiveCfg = Debug|Any CPU
		{129FA850-07EF-431A-B6AD-F60784FEE8E3}.Debug|Any CPU.Build.0 = Debug|Any CPU
		{129FA850-07EF-431A-B6AD-F60784FEE8E3}.Release|Any CPU.ActiveCfg = Release|Any CPU
		{129FA850-07EF-431A-B6AD-F60784FEE8E3}.Release|Any CPU.Build.0 = Release|Any CPU
		{409C6AD0-6578-44BA-8868-38591A90D31D}.Debug|Any CPU.ActiveCfg = Debug|Any CPU
		{409C6AD0-6578-44BA-8868-38591A90D31D}.Debug|Any CPU.Build.0 = Debug|Any CPU
		{409C6AD0-6578-44BA-8868-38591A90D31D}.Release|Any CPU.ActiveCfg = Release|Any CPU
		{409C6AD0-6578-44BA-8868-38591A90D31D}.Release|Any CPU.Build.0 = Release|Any CPU
		{4C7C427E-C502-4621-9C55-51C4337B40E7}.Debug|Any CPU.ActiveCfg = Debug|Any CPU
		{4C7C427E-C502-4621-9C55-51C4337B40E7}.Debug|Any CPU.Build.0 = Debug|Any CPU
		{4C7C427E-C502-4621-9C55-51C4337B40E7}.Release|Any CPU.ActiveCfg = Release|Any CPU
		{4C7C427E-C502-4621-9C55-51C4337B40E7}.Release|Any CPU.Build.0 = Release|Any CPU
		{B25980A5-E85A-4F8F-B08F-BB2F376A555F}.Debug|Any CPU.ActiveCfg = Debug|Any CPU
		{B25980A5-E85A-4F8F-B08F-BB2F376A555F}.Debug|Any CPU.Build.0 = Debug|Any CPU
		{B25980A5-E85A-4F8F-B08F-BB2F376A555F}.Release|Any CPU.ActiveCfg = Release|Any CPU
		{B25980A5-E85A-4F8F-B08F-BB2F376A555F}.Release|Any CPU.Build.0 = Release|Any CPU
		{A890578E-5B1F-43DD-8BAE-94B96098913F}.Debug|Any CPU.ActiveCfg = Debug|Any CPU
		{A890578E-5B1F-43DD-8BAE-94B96098913F}.Debug|Any CPU.Build.0 = Debug|Any CPU
		{A890578E-5B1F-43DD-8BAE-94B96098913F}.Release|Any CPU.ActiveCfg = Release|Any CPU
		{A890578E-5B1F-43DD-8BAE-94B96098913F}.Release|Any CPU.Build.0 = Release|Any CPU
		{86ECD189-7137-4085-87BA-89ED683C51C8}.Debug|Any CPU.ActiveCfg = Debug|Any CPU
		{86ECD189-7137-4085-87BA-89ED683C51C8}.Debug|Any CPU.Build.0 = Debug|Any CPU
		{86ECD189-7137-4085-87BA-89ED683C51C8}.Release|Any CPU.ActiveCfg = Release|Any CPU
		{86ECD189-7137-4085-87BA-89ED683C51C8}.Release|Any CPU.Build.0 = Release|Any CPU
	EndGlobalSection
	GlobalSection(SolutionProperties) = preSolution
		HideSolutionNode = FALSE
	EndGlobalSection
	GlobalSection(ExtensibilityGlobals) = postSolution
		SolutionGuid = {113ABBFF-3C6A-487D-87CA-46044850CB32}
	EndGlobalSection
EndGlobal
